
Microsoft Visual Studio Solution File, Format Version 12.00
# Visual Studio 2012
Project("{FAE04EC0-301F-11D3-BF4B-00C04F79EFBC}") = "Basics", "Basics\Basics.csproj", "{07D81A39-BFEA-4890-9D9E-1908F8F951DD}"
EndProject
Global
	GlobalSection(SolutionConfigurationPlatforms) = preSolution
		Debug|x86 = Debug|x86
		Release|x86 = Release|x86
	EndGlobalSection
	GlobalSection(ProjectConfigurationPlatforms) = postSolution
		{07D81A39-BFEA-4890-9D9E-1908F8F951DD}.Debug|x86.ActiveCfg = Debug|x86
		{07D81A39-BFEA-4890-9D9E-1908F8F951DD}.Debug|x86.Build.0 = Debug|x86
		{07D81A39-BFEA-4890-9D9E-1908F8F951DD}.Release|x86.ActiveCfg = Release|x86
		{07D81A39-BFEA-4890-9D9E-1908F8F951DD}.Release|x86.Build.0 = Release|x86
	EndGlobalSection
EndGlobal
